
Microsoft Visual Studio Solution File, Format Version 12.00
Project("{FAE04EC0-301F-11D3-BF4B-00C04F79EFBC}") = "AchillesChatClient", "AchillesChatClient\AchillesChatClient.csproj", "{C8582F8E-91C0-4B36-9ADE-62E3C8C800F4}"
EndProject
Project("{FAE04EC0-301F-11D3-BF4B-00C04F79EFBC}") = "AchillesChatServer", "AchillesChatServer\AchillesChatServer.csproj", "{9304C417-D81C-40CF-BC34-E818C19E3C38}"
EndProject
Global
	GlobalSection(SolutionConfigurationPlatforms) = preSolution
		Debug|Any CPU = Debug|Any CPU
		Release|Any CPU = Release|Any CPU
	EndGlobalSection
	GlobalSection(ProjectConfigurationPlatforms) = postSolution
		{C8582F8E-91C0-4B36-9ADE-62E3C8C800F4}.Debug|Any CPU.ActiveCfg = Debug|Any CPU
		{C8582F8E-91C0-4B36-9ADE-62E3C8C800F4}.Debug|Any CPU.Build.0 = Debug|Any CPU
		{C8582F8E-91C0-4B36-9ADE-62E3C8C800F4}.Release|Any CPU.ActiveCfg = Release|Any CPU
		{C8582F8E-91C0-4B36-9ADE-62E3C8C800F4}.Release|Any CPU.Build.0 = Release|Any CPU
		{9304C417-D81C-40CF-BC34-E818C19E3C38}.Debug|Any CPU.ActiveCfg = Debug|Any CPU
		{9304C417-D81C-40CF-BC34-E818C19E3C38}.Debug|Any CPU.Build.0 = Debug|Any CPU
		{9304C417-D81C-40CF-BC34-E818C19E3C38}.Release|Any CPU.ActiveCfg = Release|Any CPU
		{9304C417-D81C-40CF-BC34-E818C19E3C38}.Release|Any CPU.Build.0 = Release|Any CPU
	EndGlobalSection
EndGlobal
